
Microsoft Visual Studio Solution File, Format Version 12.00
# Visual Studio Version 17
VisualStudioVersion = 17.0.32126.317
MinimumVisualStudioVersion = 10.0.40219.1
Project("{FAE04EC0-301F-11D3-BF4B-00C04F79EFBC}") = "2 metod", "2 metod.csproj", "{D0950A0F-7FD7-441B-B36D-60EF8C2CB407}"
EndProject
Global
	GlobalSection(SolutionConfigurationPlatforms) = preSolution
		Debug|Any CPU = Debug|Any CPU
		Release|Any CPU = Release|Any CPU
	EndGlobalSection
	GlobalSection(ProjectConfigurationPlatforms) = postSolution
		{D0950A0F-7FD7-441B-B36D-60EF8C2CB407}.Debug|Any CPU.ActiveCfg = Debug|Any CPU
		{D0950A0F-7FD7-441B-B36D-60EF8C2CB407}.Debug|Any CPU.Build.0 = Debug|Any CPU
		{D0950A0F-7FD7-441B-B36D-60EF8C2CB407}.Release|Any CPU.ActiveCfg = Release|Any CPU
		{D0950A0F-7FD7-441B-B36D-60EF8C2CB407}.Release|Any CPU.Build.0 = Release|Any CPU
	EndGlobalSection
	GlobalSection(SolutionProperties) = preSolution
		HideSolutionNode = FALSE
	EndGlobalSection
	GlobalSection(ExtensibilityGlobals) = postSolution
		SolutionGuid = {5D153A06-ADC1-43E2-A27F-21862BEAC683}
	EndGlobalSection
EndGlobal
