
Microsoft Visual Studio Solution File, Format Version 12.00
# Visual Studio Version 17
VisualStudioVersion = 17.0.32126.317
MinimumVisualStudioVersion = 10.0.40219.1
Project("{FAE04EC0-301F-11D3-BF4B-00C04F79EFBC}") = "ConsoleApp2", "ConsoleApp2.csproj", "{0D114455-3800-4C37-BE60-2CA0C9D71430}"
EndProject
Global
	GlobalSection(SolutionConfigurationPlatforms) = preSolution
		Debug|Any CPU = Debug|Any CPU
		Release|Any CPU = Release|Any CPU
	EndGlobalSection
	GlobalSection(ProjectConfigurationPlatforms) = postSolution
		{0D114455-3800-4C37-BE60-2CA0C9D71430}.Debug|Any CPU.ActiveCfg = Debug|Any CPU
		{0D114455-3800-4C37-BE60-2CA0C9D71430}.Debug|Any CPU.Build.0 = Debug|Any CPU
		{0D114455-3800-4C37-BE60-2CA0C9D71430}.Release|Any CPU.ActiveCfg = Release|Any CPU
		{0D114455-3800-4C37-BE60-2CA0C9D71430}.Release|Any CPU.Build.0 = Release|Any CPU
	EndGlobalSection
	GlobalSection(SolutionProperties) = preSolution
		HideSolutionNode = FALSE
	EndGlobalSection
	GlobalSection(ExtensibilityGlobals) = postSolution
		SolutionGuid = {799E1ADA-6C69-474E-8D1C-09AA8987709C}
	EndGlobalSection
EndGlobal
